PODS:
  - Gloss (0.4.0):
    - Gloss/Extensions (= 0.4.0)
  - Gloss/Extensions (0.4.0)

DEPENDENCIES:
  - Gloss (from `https://github.com/hkellaway/Gloss.git`, branch `swift_1.2`)

EXTERNAL SOURCES:
  Gloss:
    :branch: swift_1.2
    :git: https://github.com/hkellaway/Gloss.git

CHECKOUT OPTIONS:
  Gloss:
    :commit: ed76fa2b89cb234673fdb2784dabef0871472bf4
    :git: https://github.com/hkellaway/Gloss.git

SPEC CHECKSUMS:
  Gloss: 8ade5e1f7cdd34103c26e77e39c4d7b604cb25c5

COCOAPODS: 0.37.2
